// !$*UTF8*$!
{
	archiveVersion = 1;
	classes = {
	};
	objectVersion = 50;
	objects = {

/* Begin PBXBuildFile section */
		EF88EB8224376969005DD5DD /* AppDelegate.swift in Sources */ = {isa = PBXBuildFile; fileRef = EF88EB8124376969005DD5DD /* AppDelegate.swift */; };
		EF88EB8424376969005DD5DD /* SceneDelegate.swift in Sources */ = {isa = PBXBuildFile; fileRef = EF88EB8324376969005DD5DD /* SceneDelegate.swift */; };
		EF88EB8624376969005DD5DD /* TableViewController.swift in Sources */ = {isa = PBXBuildFile; fileRef = EF88EB8524376969005DD5DD /* TableViewController.swift */; };
		EF88EB8924376969005DD5DD /* Main.storyboard in Resources */ = {isa = PBXBuildFile; fileRef = EF88EB8724376969005DD5DD /* Main.storyboard */; };
		EF88EB8B2437696B005DD5DD /* Assets.xcassets in Resources */ = {isa = PBXBuildFile; fileRef = EF88EB8A2437696B005DD5DD /* Assets.xcassets */; };
		EF88EB8E2437696B005DD5DD /* LaunchScreen.storyboard in Resources */ = {isa = PBXBuildFile; fileRef = EF88EB8C2437696B005DD5DD /* LaunchScreen.storyboard */; };
		EF88EB992437696B005DD5DD /* UI_Performance_iosTests.swift in Sources */ = {isa = PBXBuildFile; fileRef = EF88EB982437696B005DD5DD /* UI_Performance_iosTests.swift */; };
		EF88EBA42437696B005DD5DD /* UI_Performance_iosUITests.swift in Sources */ = {isa = PBXBuildFile; fileRef = EF88EBA32437696B005DD5DD /* UI_Performance_iosUITests.swift */; };
		EF88EBB224376BA5005DD5DD /* Model.swift in Sources */ = {isa = PBXBuildFile; fileRef = EF88EBB124376BA5005DD5DD /* Model.swift */; };
		EF88EBB424376BD2005DD5DD /* TableCell.swift in Sources */ = {isa = PBXBuildFile; fileRef = EF88EBB324376BD2005DD5DD /* TableCell.swift */; };
		EF88EBB6243790C9005DD5DD /* Util.swift in Sources */ = {isa = PBXBuildFile; fileRef = EF88EBB5243790C9005DD5DD /* Util.swift */; };
/* End PBXBuildFile section */

/* Begin PBXContainerItemProxy section */
		EF88EB952437696B005DD5DD /* PBXContainerItemProxy */ = {
			isa = PBXContainerItemProxy;
			containerPortal = EF88EB7624376969005DD5DD /* Project object */;
			proxyType = 1;
			remoteGlobalIDString = EF88EB7D24376969005DD5DD;
			remoteInfo = UI_Performance_ios;
		};
		EF88EBA02437696B005DD5DD /* PBXContainerItemProxy */ = {
			isa = PBXContainerItemProxy;
			containerPortal = EF88EB7624376969005DD5DD /* Project object */;
			proxyType = 1;
			remoteGlobalIDString = EF88EB7D24376969005DD5DD;
			remoteInfo = UI_Performance_ios;
		};
/* End PBXContainerItemProxy section */

/* Begin PBXFileReference section */
		EF88EB7E24376969005DD5DD /* UI_Performance_ios.app */ = {isa = PBXFileReference; explicitFileType = wrapper.application; includeInIndex = 0; path = UI_Performance_ios.app; sourceTree = BUILT_PRODUCTS_DIR; };
		EF88EB8124376969005DD5DD /* AppDelegate.swift */ = {isa = PBXFileReference; lastKnownFileType = sourcecode.swift; path = AppDelegate.swift; sourceTree = "<group>"; };
		EF88EB8324376969005DD5DD /* SceneDelegate.swift */ = {isa = PBXFileReference; lastKnownFileType = sourcecode.swift; path = SceneDelegate.swift; sourceTree = "<group>"; };
		EF88EB8524376969005DD5DD /* TableViewController.swift */ = {isa = PBXFileReference; lastKnownFileType = sourcecode.swift; path = TableViewController.swift; sourceTree = "<group>"; };
		EF88EB8824376969005DD5DD /* Base */ = {isa = PBXFileReference; lastKnownFileType = file.storyboard; name = Base; path = Base.lproj/Main.storyboard; sourceTree = "<group>"; };
		EF88EB8A2437696B005DD5DD /* Assets.xcassets */ = {isa = PBXFileReference; lastKnownFileType = folder.assetcatalog; path = Assets.xcassets; sourceTree = "<group>"; };
		EF88EB8D2437696B005DD5DD /* Base */ = {isa = PBXFileReference; lastKnownFileType = file.storyboard; name = Base; path = Base.lproj/LaunchScreen.storyboard; sourceTree = "<group>"; };
		EF88EB8F2437696B005DD5DD /* Info.plist */ = {isa = PBXFileReference; lastKnownFileType = text.plist.xml; path = Info.plist; sourceTree = "<group>"; };
		EF88EB942437696B005DD5DD /* UI_Performance_iosTests.xctest */ = {isa = PBXFileReference; explicitFileType = wrapper.cfbundle; includeInIndex = 0; path = UI_Performance_iosTests.xctest; sourceTree = BUILT_PRODUCTS_DIR; };
		EF88EB982437696B005DD5DD /* UI_Performance_iosTests.swift */ = {isa = PBXFileReference; lastKnownFileType = sourcecode.swift; path = UI_Performance_iosTests.swift; sourceTree = "<group>"; };
		EF88EB9A2437696B005DD5DD /* Info.plist */ = {isa = PBXFileReference; lastKnownFileType = text.plist.xml; path = Info.plist; sourceTree = "<group>"; };
		EF88EB9F2437696B005DD5DD /* UI_Performance_iosUITests.xctest */ = {isa = PBXFileReference; explicitFileType = wrapper.cfbundle; includeInIndex = 0; path = UI_Performance_iosUITests.xctest; sourceTree = BUILT_PRODUCTS_DIR; };
		EF88EBA32437696B005DD5DD /* UI_Performance_iosUITests.swift */ = {isa = PBXFileReference; lastKnownFileType = sourcecode.swift; path = UI_Performance_iosUITests.swift; sourceTree = "<group>"; };
		EF88EBA52437696B005DD5DD /* Info.plist */ = {isa = PBXFileReference; lastKnownFileType = text.plist.xml; path = Info.plist; sourceTree = "<group>"; };
		EF88EBB124376BA5005DD5DD /* Model.swift */ = {isa = PBXFileReference; lastKnownFileType = sourcecode.swift; path = Model.swift; sourceTree = "<group>"; };
		EF88EBB324376BD2005DD5DD /* TableCell.swift */ = {isa = PBXFileReference; lastKnownFileType = sourcecode.swift; path = TableCell.swift; sourceTree = "<group>"; };
		EF88EBB5243790C9005DD5DD /* Util.swift */ = {isa = PBXFileReference; lastKnownFileType = sourcecode.swift; path = Util.swift; sourceTree = "<group>"; };
/* End PBXFileReference section */

/* Begin PBXFrameworksBuildPhase section */
		EF88EB7B24376969005DD5DD /* Frameworks */ = {
			isa = PBXFrameworksBuildPhase;
			buildActionMask = 2147483647;
			files = (
			);
			runOnlyForDeploymentPostprocessing = 0;
		};
		EF88EB912437696B005DD5DD /* Frameworks */ = {
			isa = PBXFrameworksBuildPhase;
			buildActionMask = 2147483647;
			files = (
			);
			runOnlyForDeploymentPostprocessing = 0;
		};
		EF88EB9C2437696B005DD5DD /* Frameworks */ = {
			isa = PBXFrameworksBuildPhase;
			buildActionMask = 2147483647;
			files = (
			);
			runOnlyForDeploymentPostprocessing = 0;
		};
/* End PBXFrameworksBuildPhase section */

/* Begin PBXGroup section */
		EF88EB7524376969005DD5DD = {
			isa = PBXGroup;
			children = (
				EF88EB8024376969005DD5DD /* UI_Performance_ios */,
				EF88EB972437696B005DD5DD /* UI_Performance_iosTests */,
				EF88EBA22437696B005DD5DD /* UI_Performance_iosUITests */,
				EF88EB7F24376969005DD5DD /* Products */,
			);
			sourceTree = "<group>";
		};
		EF88EB7F24376969005DD5DD /* Products */ = {
			isa = PBXGroup;
			children = (
				EF88EB7E24376969005DD5DD /* UI_Performance_ios.app */,
				EF88EB942437696B005DD5DD /* UI_Performance_iosTests.xctest */,
				EF88EB9F2437696B005DD5DD /* UI_Performance_iosUITests.xctest */,
			);
			name = Products;
			sourceTree = "<group>";
		};
		EF88EB8024376969005DD5DD /* UI_Performance_ios */ = {
			isa = PBXGroup;
			children = (
				EF88EB8124376969005DD5DD /* AppDelegate.swift */,
				EF88EB8324376969005DD5DD /* SceneDelegate.swift */,
				EF88EB8524376969005DD5DD /* TableViewController.swift */,
				EF88EB8724376969005DD5DD /* Main.storyboard */,
				EF88EB8A2437696B005DD5DD /* Assets.xcassets */,
				EF88EB8C2437696B005DD5DD /* LaunchScreen.storyboard */,
				EF88EB8F2437696B005DD5DD /* Info.plist */,
				EF88EBB124376BA5005DD5DD /* Model.swift */,
				EF88EBB324376BD2005DD5DD /* TableCell.swift */,
				EF88EBB5243790C9005DD5DD /* Util.swift */,
			);
			path = UI_Performance_ios;
			sourceTree = "<group>";
		};
		EF88EB972437696B005DD5DD /* UI_Performance_iosTests */ = {
			isa = PBXGroup;
			children = (
				EF88EB982437696B005DD5DD /* UI_Performance_iosTests.swift */,
				EF88EB9A2437696B005DD5DD /* Info.plist */,
			);
			path = UI_Performance_iosTests;
			sourceTree = "<group>";
		};
		EF88EBA22437696B005DD5DD /* UI_Performance_iosUITests */ = {
			isa = PBXGroup;
			children = (
				EF88EBA32437696B005DD5DD /* UI_Performance_iosUITests.swift */,
				EF88EBA52437696B005DD5DD /* Info.plist */,
			);
			path = UI_Performance_iosUITests;
			sourceTree = "<group>";
		};
/* End PBXGroup section */

/* Begin PBXNativeTarget section */
		EF88EB7D24376969005DD5DD /* UI_Performance_ios */ = {
			isa = PBXNativeTarget;
			buildConfigurationList = EF88EBA82437696B005DD5DD /* Build configuration list for PBXNativeTarget "UI_Performance_ios" */;
			buildPhases = (
				EF88EB7A24376969005DD5DD /* Sources */,
				EF88EB7B24376969005DD5DD /* Frameworks */,
				EF88EB7C24376969005DD5DD /* Resources */,
			);
			buildRules = (
			);
			dependencies = (
			);
			name = UI_Performance_ios;
			productName = UI_Performance_ios;
			productReference = EF88EB7E24376969005DD5DD /* UI_Performance_ios.app */;
			productType = "com.apple.product-type.application";
		};
		EF88EB932437696B005DD5DD /* UI_Performance_iosTests */ = {
			isa = PBXNativeTarget;
			buildConfigurationList = EF88EBAB2437696B005DD5DD /* Build configuration list for PBXNativeTarget "UI_Performance_iosTests" */;
			buildPhases = (
				EF88EB902437696B005DD5DD /* Sources */,
				EF88EB912437696B005DD5DD /* Frameworks */,
				EF88EB922437696B005DD5DD /* Resources */,
			);
			buildRules = (
			);
			dependencies = (
				EF88EB962437696B005DD5DD /* PBXTargetDependency */,
			);
			name = UI_Performance_iosTests;
			productName = UI_Performance_iosTests;
			productReference = EF88EB942437696B005DD5DD /* UI_Performance_iosTests.xctest */;
			productType = "com.apple.product-type.bundle.unit-test";
		};
		EF88EB9E2437696B005DD5DD /* UI_Performance_iosUITests */ = {
			isa = PBXNativeTarget;
			buildConfigurationList = EF88EBAE2437696B005DD5DD /* Build configuration list for PBXNativeTarget "UI_Performance_iosUITests" */;
			buildPhases = (
				EF88EB9B2437696B005DD5DD /* Sources */,
				EF88EB9C2437696B005DD5DD /* Frameworks */,
				EF88EB9D2437696B005DD5DD /* Resources */,
			);
			buildRules = (
			);
			dependencies = (
				EF88EBA12437696B005DD5DD /* PBXTargetDependency */,
			);
			name = UI_Performance_iosUITests;
			productName = UI_Performance_iosUITests;
			productReference = EF88EB9F2437696B005DD5DD /* UI_Performance_iosUITests.xctest */;
			productType = "com.apple.product-type.bundle.ui-testing";
		};
/* End PBXNativeTarget section */

/* Begin PBXProject section */
		EF88EB7624376969005DD5DD /* Project object */ = {
			isa = PBXProject;
			attributes = {
				LastSwiftUpdateCheck = 1130;
				LastUpgradeCheck = 1130;
				ORGANIZATIONNAME = NazarKo;
				TargetAttributes = {
					EF88EB7D24376969005DD5DD = {
						CreatedOnToolsVersion = 11.3.1;
					};
					EF88EB932437696B005DD5DD = {
						CreatedOnToolsVersion = 11.3.1;
						TestTargetID = EF88EB7D24376969005DD5DD;
					};
					EF88EB9E2437696B005DD5DD = {
						CreatedOnToolsVersion = 11.3.1;
						TestTargetID = EF88EB7D24376969005DD5DD;
					};
				};
			};
			buildConfigurationList = EF88EB7924376969005DD5DD /* Build configuration list for PBXProject "UI_Performance_ios" */;
			compatibilityVersion = "Xcode 9.3";
			developmentRegion = en;
			hasScannedForEncodings = 0;
			knownRegions = (
				en,
				Base,
			);
			mainGroup = EF88EB7524376969005DD5DD;
			productRefGroup = EF88EB7F24376969005DD5DD /* Products */;
			projectDirPath = "";
			projectRoot = "";
			targets = (
				EF88EB7D24376969005DD5DD /* UI_Performance_ios */,
				EF88EB932437696B005DD5DD /* UI_Performance_iosTests */,
				EF88EB9E2437696B005DD5DD /* UI_Performance_iosUITests */,
			);
		};
/* End PBXProject section */

/* Begin PBXResourcesBuildPhase section */
		EF88EB7C24376969005DD5DD /* Resources */ = {
			isa = PBXResourcesBuildPhase;
			buildActionMask = 2147483647;
			files = (
				EF88EB8E2437696B005DD5DD /* LaunchScreen.storyboard in Resources */,
				EF88EB8B2437696B005DD5DD /* Assets.xcassets in Resources */,
				EF88EB8924376969005DD5DD /* Main.storyboard in Resources */,
			);
			runOnlyForDeploymentPostprocessing = 0;
		};
		EF88EB922437696B005DD5DD /* Resources */ = {
			isa = PBXResourcesBuildPhase;
			buildActionMask = 2147483647;
			files = (
			);
			runOnlyForDeploymentPostprocessing = 0;
		};
		EF88EB9D2437696B005DD5DD /* Resources */ = {
			isa = PBXResourcesBuildPhase;
			buildActionMask = 2147483647;
			files = (
			);
			runOnlyForDeploymentPostprocessing = 0;
		};
/* End PBXResourcesBuildPhase section */

/* Begin PBXSourcesBuildPhase section */
		EF88EB7A24376969005DD5DD /* Sources */ = {
			isa = PBXSourcesBuildPhase;
			buildActionMask = 2147483647;
			files = (
				EF88EBB424376BD2005DD5DD /* TableCell.swift in Sources */,
				EF88EBB6243790C9005DD5DD /* Util.swift in Sources */,
				EF88EB8624376969005DD5DD /* TableViewController.swift in Sources */,
				EF88EB8224376969005DD5DD /* AppDelegate.swift in Sources */,
				EF88EB8424376969005DD5DD /* SceneDelegate.swift in Sources */,
				EF88EBB224376BA5005DD5DD /* Model.swift in Sources */,
			);
			runOnlyForDeploymentPostprocessing = 0;
		};
		EF88EB902437696B005DD5DD /* Sources */ = {
			isa = PBXSourcesBuildPhase;
			buildActionMask = 2147483647;
			files = (
				EF88EB992437696B005DD5DD /* UI_Performance_iosTests.swift in Sources */,
			);
			runOnlyForDeploymentPostprocessing = 0;
		};
		EF88EB9B2437696B005DD5DD /* Sources */ = {
			isa = PBXSourcesBuildPhase;
			buildActionMask = 2147483647;
			files = (
				EF88EBA42437696B005DD5DD /* UI_Performance_iosUITests.swift in Sources */,
			);
			runOnlyForDeploymentPostprocessing = 0;
		};
/* End PBXSourcesBuildPhase section */

/* Begin PBXTargetDependency section */
		EF88EB962437696B005DD5DD /* PBXTargetDependency */ = {
			isa = PBXTargetDependency;
			target = EF88EB7D24376969005DD5DD /* UI_Performance_ios */;
			targetProxy = EF88EB952437696B005DD5DD /* PBXContainerItemProxy */;
		};
		EF88EBA12437696B005DD5DD /* PBXTargetDependency */ = {
			isa = PBXTargetDependency;
			target = EF88EB7D24376969005DD5DD /* UI_Performance_ios */;
			targetProxy = EF88EBA02437696B005DD5DD /* PBXContainerItemProxy */;
		};
/* End PBXTargetDependency section */

/* Begin PBXVariantGroup section */
		EF88EB8724376969005DD5DD /* Main.storyboard */ = {
			isa = PBXVariantGroup;
			children = (
				EF88EB8824376969005DD5DD /* Base */,
			);
			name = Main.storyboard;
			sourceTree = "<group>";
		};
		EF88EB8C2437696B005DD5DD /* LaunchScreen.storyboard */ = {
			isa = PBXVariantGroup;
			children = (
				EF88EB8D2437696B005DD5DD /* Base */,
			);
			name = LaunchScreen.storyboard;
			sourceTree = "<group>";
		};
/* End PBXVariantGroup section */

/* Begin XCBuildConfiguration section */
		EF88EBA62437696B005DD5DD /* Debug */ = {
			isa = XCBuildConfiguration;
			buildSettings = {
				ALWAYS_SEARCH_USER_PATHS = NO;
				CLANG_ANALYZER_NONNULL = YES;
				CLANG_ANALYZER_NUMBER_OBJECT_CONVERSION = YES_AGGRESSIVE;
				CLANG_CXX_LANGUAGE_STANDARD = "gnu++14";
				CLANG_CXX_LIBRARY = "libc++";
				CLANG_ENABLE_MODULES = YES;
				CLANG_ENABLE_OBJC_ARC = YES;
				CLANG_ENABLE_OBJC_WEAK = YES;
				CLANG_WARN_BLOCK_CAPTURE_AUTORELEASING = YES;
				CLANG_WARN_BOOL_CONVERSION = YES;
				CLANG_WARN_COMMA = YES;
				CLANG_WARN_CONSTANT_CONVERSION = YES;
				CLANG_WARN_DEPRECATED_OBJC_IMPLEMENTATIONS = YES;
				CLANG_WARN_DIRECT_OBJC_ISA_USAGE = YES_ERROR;
				CLANG_WARN_DOCUMENTATION_COMMENTS = YES;
				CLANG_WARN_EMPTY_BODY = YES;
				CLANG_WARN_ENUM_CONVERSION = YES;
				CLANG_WARN_INFINITE_RECURSION = YES;
				CLANG_WARN_INT_CONVERSION = YES;
				CLANG_WARN_NON_LITERAL_NULL_CONVERSION = YES;
				CLANG_WARN_OBJC_IMPLICIT_RETAIN_SELF = YES;
				CLANG_WARN_OBJC_LITERAL_CONVERSION = YES;
				CLANG_WARN_OBJC_ROOT_CLASS = YES_ERROR;
				CLANG_WARN_RANGE_LOOP_ANALYSIS = YES;
				CLANG_WARN_STRICT_PROTOTYPES = YES;
				CLANG_WARN_SUSPICIOUS_MOVE = YES;
				CLANG_WARN_UNGUARDED_AVAILABILITY = YES_AGGRESSIVE;
				CLANG_WARN_UNREACHABLE_CODE = YES;
				CLANG_WARN__DUPLICATE_METHOD_MATCH = YES;
				COPY_PHASE_STRIP = NO;
				DEBUG_INFORMATION_FORMAT = dwarf;
				ENABLE_STRICT_OBJC_MSGSEND = YES;
				ENABLE_TESTABILITY = YES;
				GCC_C_LANGUAGE_STANDARD = gnu11;
				GCC_DYNAMIC_NO_PIC = NO;
				GCC_NO_COMMON_BLOCKS = YES;
				GCC_OPTIMIZATION_LEVEL = 0;
				GCC_PREPROCESSOR_DEFINITIONS = (
					"DEBUG=1",
					"$(inherited)",
				);
				GCC_WARN_64_TO_32_BIT_CONVERSION = YES;
				GCC_WARN_ABOUT_RETURN_TYPE = YES_ERROR;
				GCC_WARN_UNDECLARED_SELECTOR = YES;
				GCC_WARN_UNINITIALIZED_AUTOS = YES_AGGRESSIVE;
				GCC_WARN_UNUSED_FUNCTION = YES;
				GCC_WARN_UNUSED_VARIABLE = YES;
				IPHONEOS_DEPLOYMENT_TARGET = 13.2;
				MTL_ENABLE_DEBUG_INFO = INCLUDE_SOURCE;
				MTL_FAST_MATH = YES;
				ONLY_ACTIVE_ARCH = YES;
				SDKROOT = iphoneos;
				SWIFT_ACTIVE_COMPILATION_CONDITIONS = DEBUG;
				SWIFT_OPTIMIZATION_LEVEL = "-Onone";
			};
			name = Debug;
		};
		EF88EBA72437696B005DD5DD /* Release */ = {
			isa = XCBuildConfiguration;
			buildSettings = {
				ALWAYS_SEARCH_USER_PATHS = NO;
				CLANG_ANALYZER_NONNULL = YES;
				CLANG_ANALYZER_NUMBER_OBJECT_CONVERSION = YES_AGGRESSIVE;
				CLANG_CXX_LANGUAGE_STANDARD = "gnu++14";
				CLANG_CXX_LIBRARY = "libc++";
				CLANG_ENABLE_MODULES = YES;
				CLANG_ENABLE_OBJC_ARC = YES;
				CLANG_ENABLE_OBJC_WEAK = YES;
				CLANG_WARN_BLOCK_CAPTURE_AUTORELEASING = YES;
				CLANG_WARN_BOOL_CONVERSION = YES;
				CLANG_WARN_COMMA = YES;
				CLANG_WARN_CONSTANT_CONVERSION = YES;
				CLANG_WARN_DEPRECATED_OBJC_IMPLEMENTATIONS = YES;
				CLANG_WARN_DIRECT_OBJC_ISA_USAGE = YES_ERROR;
				CLANG_WARN_DOCUMENTATION_COMMENTS = YES;
				CLANG_WARN_EMPTY_BODY = YES;
				CLANG_WARN_ENUM_CONVERSION = YES;
				CLANG_WARN_INFINITE_RECURSION = YES;
				CLANG_WARN_INT_CONVERSION = YES;
				CLANG_WARN_NON_LITERAL_NULL_CONVERSION = YES;
				CLANG_WARN_OBJC_IMPLICIT_RETAIN_SELF = YES;
				CLANG_WARN_OBJC_LITERAL_CONVERSION = YES;
				CLANG_WARN_OBJC_ROOT_CLASS = YES_ERROR;
				CLANG_WARN_RANGE_LOOP_ANALYSIS = YES;
				CLANG_WARN_STRICT_PROTOTYPES = YES;
				CLANG_WARN_SUSPICIOUS_MOVE = YES;
				CLANG_WARN_UNGUARDED_AVAILABILITY = YES_AGGRESSIVE;
				CLANG_WARN_UNREACHABLE_CODE = YES;
				CLANG_WARN__DUPLICATE_METHOD_MATCH = YES;
				COPY_PHASE_STRIP = NO;
				DEBUG_INFORMATION_FORMAT = "dwarf-with-dsym";
				ENABLE_NS_ASSERTIONS = NO;
				ENABLE_STRICT_OBJC_MSGSEND = YES;
				GCC_C_LANGUAGE_STANDARD = gnu11;
				GCC_NO_COMMON_BLOCKS = YES;
				GCC_WARN_64_TO_32_BIT_CONVERSION = YES;
				GCC_WARN_ABOUT_RETURN_TYPE = YES_ERROR;
				GCC_WARN_UNDECLARED_SELECTOR = YES;
				GCC_WARN_UNINITIALIZED_AUTOS = YES_AGGRESSIVE;
				GCC_WARN_UNUSED_FUNCTION = YES;
				GCC_WARN_UNUSED_VARIABLE = YES;
				IPHONEOS_DEPLOYMENT_TARGET = 13.2;
				MTL_ENABLE_DEBUG_INFO = NO;
				MTL_FAST_MATH = YES;
				SDKROOT = iphoneos;
				SWIFT_COMPILATION_MODE = wholemodule;
				SWIFT_OPTIMIZATION_LEVEL = "-O";
				VALIDATE_PRODUCT = YES;
			};
			name = Release;
		};
		EF88EBA92437696B005DD5DD /* Debug */ = {
			isa = XCBuildConfiguration;
			buildSettings = {
				ASSETCATALOG_COMPILER_APPICON_NAME = AppIcon;
				CODE_SIGN_STYLE = Automatic;
				DEVELOPMENT_TEAM = 2EV7RYEW2W;
				INFOPLIST_FILE = UI_Performance_ios/Info.plist;
				IPHONEOS_DEPLOYMENT_TARGET = 13.2;
				LD_RUNPATH_SEARCH_PATHS = (
					"$(inherited)",
					"@executable_path/Frameworks",
				);
				PRODUCT_BUNDLE_IDENTIFIER = "com.inveritasoft.UI-Performance-ios";
				PRODUCT_NAME = "$(TARGET_NAME)";
				SWIFT_VERSION = 5.0;
				TARGETED_DEVICE_FAMILY = "1,2";
			};
			name = Debug;
		};
		EF88EBAA2437696B005DD5DD /* Release */ = {
			isa = XCBuildConfiguration;
			buildSettings = {
				ASSETCATALOG_COMPILER_APPICON_NAME = AppIcon;
				CODE_SIGN_STYLE = Automatic;
				DEVELOPMENT_TEAM = 2EV7RYEW2W;
				INFOPLIST_FILE = UI_Performance_ios/Info.plist;
				IPHONEOS_DEPLOYMENT_TARGET = 13.2;
				LD_RUNPATH_SEARCH_PATHS = (
					"$(inherited)",
					"@executable_path/Frameworks",
				);
				PRODUCT_BUNDLE_IDENTIFIER = "com.inveritasoft.UI-Performance-ios";
				PRODUCT_NAME = "$(TARGET_NAME)";
				SWIFT_VERSION = 5.0;
				TARGETED_DEVICE_FAMILY = "1,2";
			};
			name = Release;
		};
		EF88EBAC2437696B005DD5DD /* Debug */ = {
			isa = XCBuildConfiguration;
			buildSettings = {
				ALWAYS_EMBED_SWIFT_STANDARD_LIBRARIES = YES;
				BUNDLE_LOADER = "$(TEST_HOST)";
				CODE_SIGN_STYLE = Automatic;
				DEVELOPMENT_TEAM = 2EV7RYEW2W;
				INFOPLIST_FILE = UI_Performance_iosTests/Info.plist;
				IPHONEOS_DEPLOYMENT_TARGET = 13.2;
				LD_RUNPATH_SEARCH_PATHS = (
					"$(inherited)",
					"@executable_path/Frameworks",
					"@loader_path/Frameworks",
				);
				PRODUCT_BUNDLE_IDENTIFIER = "com.inveritasoft.UI-Performance-iosTests";
				PRODUCT_NAME = "$(TARGET_NAME)";
				SWIFT_VERSION = 5.0;
				TARGETED_DEVICE_FAMILY = "1,2";
				TEST_HOST = "$(BUILT_PRODUCTS_DIR)/UI_Performance_ios.app/UI_Performance_ios";
			};
			name = Debug;
		};
		EF88EBAD2437696B005DD5DD /* Release */ = {
			isa = XCBuildConfiguration;
			buildSettings = {
				ALWAYS_EMBED_SWIFT_STANDARD_LIBRARIES = YES;
				BUNDLE_LOADER = "$(TEST_HOST)";
				CODE_SIGN_STYLE = Automatic;
				DEVELOPMENT_TEAM = 2EV7RYEW2W;
				INFOPLIST_FILE = UI_Performance_iosTests/Info.plist;
				IPHONEOS_DEPLOYMENT_TARGET = 13.2;
				LD_RUNPATH_SEARCH_PATHS = (
					"$(inherited)",
					"@executable_path/Frameworks",
					"@loader_path/Frameworks",
				);
				PRODUCT_BUNDLE_IDENTIFIER = "com.inveritasoft.UI-Performance-iosTests";
				PRODUCT_NAME = "$(TARGET_NAME)";
				SWIFT_VERSION = 5.0;
				TARGETED_DEVICE_FAMILY = "1,2";
				TEST_HOST = "$(BUILT_PRODUCTS_DIR)/UI_Performance_ios.app/UI_Performance_ios";
			};
			name = Release;
		};
		EF88EBAF2437696B005DD5DD /* Debug */ = {
			isa = XCBuildConfiguration;
			buildSettings = {
				ALWAYS_EMBED_SWIFT_STANDARD_LIBRARIES = YES;
				CODE_SIGN_STYLE = Automatic;
				DEVELOPMENT_TEAM = 2EV7RYEW2W;
				INFOPLIST_FILE = UI_Performance_iosUITests/Info.plist;
				LD_RUNPATH_SEARCH_PATHS = (
					"$(inherited)",
					"@executable_path/Frameworks",
					"@loader_path/Frameworks",
				);
				PRODUCT_BUNDLE_IDENTIFIER = "com.inveritasoft.UI-Performance-iosUITests";
				PRODUCT_NAME = "$(TARGET_NAME)";
				SWIFT_VERSION = 5.0;
				TARGETED_DEVICE_FAMILY = "1,2";
				TEST_TARGET_NAME = UI_Performance_ios;
			};
			name = Debug;
		};
		EF88EBB02437696B005DD5DD /* Release */ = {
			isa = XCBuildConfiguration;
			buildSettings = {
				ALWAYS_EMBED_SWIFT_STANDARD_LIBRARIES = YES;
				CODE_SIGN_STYLE = Automatic;
				DEVELOPMENT_TEAM = 2EV7RYEW2W;
				INFOPLIST_FILE = UI_Performance_iosUITests/Info.plist;
				LD_RUNPATH_SEARCH_PATHS = (
					"$(inherited)",
					"@executable_path/Frameworks",
					"@loader_path/Frameworks",
				);
				PRODUCT_BUNDLE_IDENTIFIER = "com.inveritasoft.UI-Performance-iosUITests";
				PRODUCT_NAME = "$(TARGET_NAME)";
				SWIFT_VERSION = 5.0;
				TARGETED_DEVICE_FAMILY = "1,2";
				TEST_TARGET_NAME = UI_Performance_ios;
			};
			name = Release;
		};
/* End XCBuildConfiguration section */

/* Begin XCConfigurationList section */
		EF88EB7924376969005DD5DD /* Build configuration list for PBXProject "UI_Performance_ios" */ = {
			isa = XCConfigurationList;
			buildConfigurations = (
				EF88EBA62437696B005DD5DD /* Debug */,
				EF88EBA72437696B005DD5DD /* Release */,
			);
			defaultConfigurationIsVisible = 0;
			defaultConfigurationName = Release;
		};
		EF88EBA82437696B005DD5DD /* Build configuration list for PBXNativeTarget "UI_Performance_ios" */ = {
			isa = XCConfigurationList;
			buildConfigurations = (
				EF88EBA92437696B005DD5DD /* Debug */,
				EF88EBAA2437696B005DD5DD /* Release */,
			);
			defaultConfigurationIsVisible = 0;
			defaultConfigurationName = Release;
		};
		EF88EBAB2437696B005DD5DD /* Build configuration list for PBXNativeTarget "UI_Performance_iosTests" */ = {
			isa = XCConfigurationList;
			buildConfigurations = (
				EF88EBAC2437696B005DD5DD /* Debug */,
				EF88EBAD2437696B005DD5DD /* Release */,
			);
			defaultConfigurationIsVisible = 0;
			defaultConfigurationName = Release;
		};
		EF88EBAE2437696B005DD5DD /* Build configuration list for PBXNativeTarget "UI_Performance_iosUITests" */ = {
			isa = XCConfigurationList;
			buildConfigurations = (
				EF88EBAF2437696B005DD5DD /* Debug */,
				EF88EBB02437696B005DD5DD /* Release */,
			);
			defaultConfigurationIsVisible = 0;
			defaultConfigurationName = Release;
		};
/* End XCConfigurationList section */
	};
	rootObject = EF88EB7624376969005DD5DD /* Project object */;
}
